// !$*UTF8*$!
{
	archiveVersion = 1;
	classes = {
	};
	objectVersion = 48;
	objects = {

/* Begin PBXBuildFile section */
		2BFCD07E1F272EC800289EEF /* AppDelegate.swift in Sources */ = {isa = PBXBuildFile; fileRef = 2BFCD07D1F272EC800289EEF /* AppDelegate.swift */; };
		2BFCD0801F272EC800289EEF /* ViewController.swift in Sources */ = {isa = PBXBuildFile; fileRef = 2BFCD07F1F272EC800289EEF /* ViewController.swift */; };
		2BFCD0831F272EC800289EEF /* Main.storyboard in Resources */ = {isa = PBXBuildFile; fileRef = 2BFCD0811F272EC800289EEF /* Main.storyboard */; };
		2BFCD0851F272EC800289EEF /* Assets.xcassets in Resources */ = {isa = PBXBuildFile; fileRef = 2BFCD0841F272EC800289EEF /* Assets.xcassets */; };
		2BFCD0881F272EC800289EEF /* LaunchScreen.storyboard in Resources */ = {isa = PBXBuildFile; fileRef = 2BFCD0861F272EC800289EEF /* LaunchScreen.storyboard */; };
		2BFCD0941F27347C00289EEF /* ugur.png in Resources */ = {isa = PBXBuildFile; fileRef = 2BFCD0921F27322300289EEF /* ugur.png */; };
/* End PBXBuildFile section */

/* Begin PBXFileReference section */
		2BFCD07A1F272EC800289EEF /* ugurface.app */ = {isa = PBXFileReference; explicitFileType = wrapper.application; includeInIndex = 0; path = ugurface.app; sourceTree = BUILT_PRODUCTS_DIR; };
		2BFCD07D1F272EC800289EEF /* AppDelegate.swift */ = {isa = PBXFileReference; lastKnownFileType = sourcecode.swift; path = AppDelegate.swift; sourceTree = "<group>"; };
		2BFCD07F1F272EC800289EEF /* ViewController.swift */ = {isa = PBXFileReference; lastKnownFileType = sourcecode.swift; path = ViewController.swift; sourceTree = "<group>"; };
		2BFCD0821F272EC800289EEF /* Base */ = {isa = PBXFileReference; lastKnownFileType = file.storyboard; name = Base; path = Base.lproj/Main.storyboard; sourceTree = "<group>"; };
		2BFCD0841F272EC800289EEF /* Assets.xcassets */ = {isa = PBXFileReference; lastKnownFileType = folder.assetcatalog; path = Assets.xcassets; sourceTree = "<group>"; };
		2BFCD0871F272EC800289EEF /* Base */ = {isa = PBXFileReference; lastKnownFileType = file.storyboard; name = Base; path = Base.lproj/LaunchScreen.storyboard; sourceTree = "<group>"; };
		2BFCD0891F272EC800289EEF /* Info.plist */ = {isa = PBXFileReference; lastKnownFileType = text.plist.xml; path = Info.plist; sourceTree = "<group>"; };
		2BFCD0921F27322300289EEF /* ugur.png */ = {isa = PBXFileReference; lastKnownFileType = image.png; path = ugur.png; sourceTree = "<group>"; };
/* End PBXFileReference section */

/* Begin PBXFrameworksBuildPhase section */
		2BFCD0771F272EC800289EEF /* Frameworks */ = {
			isa = PBXFrameworksBuildPhase;
			buildActionMask = 2147483647;
			files = (
			);
			runOnlyForDeploymentPostprocessing = 0;
		};
/* End PBXFrameworksBuildPhase section */

/* Begin PBXGroup section */
		2BFCD0711F272EC800289EEF = {
			isa = PBXGroup;
			children = (
				2BFCD07C1F272EC800289EEF /* ugurface */,
				2BFCD07B1F272EC800289EEF /* Products */,
			);
			sourceTree = "<group>";
		};
		2BFCD07B1F272EC800289EEF /* Products */ = {
			isa = PBXGroup;
			children = (
				2BFCD07A1F272EC800289EEF /* ugurface.app */,
			);
			name = Products;
			sourceTree = "<group>";
		};
		2BFCD07C1F272EC800289EEF /* ugurface */ = {
			isa = PBXGroup;
			children = (
				2BFCD07D1F272EC800289EEF /* AppDelegate.swift */,
				2BFCD07F1F272EC800289EEF /* ViewController.swift */,
				2BFCD0921F27322300289EEF /* ugur.png */,
				2BFCD0811F272EC800289EEF /* Main.storyboard */,
				2BFCD0841F272EC800289EEF /* Assets.xcassets */,
				2BFCD0861F272EC800289EEF /* LaunchScreen.storyboard */,
				2BFCD0891F272EC800289EEF /* Info.plist */,
			);
			path = ugurface;
			sourceTree = "<group>";
		};
/* End PBXGroup section */

/* Begin PBXNativeTarget section */
		2BFCD0791F272EC800289EEF /* ugurface */ = {
			isa = PBXNativeTarget;
			buildConfigurationList = 2BFCD08C1F272EC800289EEF /* Build configuration list for PBXNativeTarget "ugurface" */;
			buildPhases = (
				2BFCD0761F272EC800289EEF /* Sources */,
				2BFCD0771F272EC800289EEF /* Frameworks */,
				2BFCD0781F272EC800289EEF /* Resources */,
			);
			buildRules = (
			);
			dependencies = (
			);
			name = ugurface;
			productName = ugurface;
			productReference = 2BFCD07A1F272EC800289EEF /* ugurface.app */;
			productType = "com.apple.product-type.application";
		};
/* End PBXNativeTarget section */

/* Begin PBXProject section */
		2BFCD0721F272EC800289EEF /* Project object */ = {
			isa = PBXProject;
			attributes = {
				LastSwiftUpdateCheck = 0900;
				LastUpgradeCheck = 0900;
				ORGANIZATIONNAME = urklc;
				TargetAttributes = {
					2BFCD0791F272EC800289EEF = {
						CreatedOnToolsVersion = 9.0;
					};
				};
			};
			buildConfigurationList = 2BFCD0751F272EC800289EEF /* Build configuration list for PBXProject "ugurface" */;
			compatibilityVersion = "Xcode 8.0";
			developmentRegion = en;
			hasScannedForEncodings = 0;
			knownRegions = (
				en,
				Base,
			);
			mainGroup = 2BFCD0711F272EC800289EEF;
			productRefGroup = 2BFCD07B1F272EC800289EEF /* Products */;
			projectDirPath = "";
			projectRoot = "";
			targets = (
				2BFCD0791F272EC800289EEF /* ugurface */,
			);
		};
/* End PBXProject section */

/* Begin PBXResourcesBuildPhase section */
		2BFCD0781F272EC800289EEF /* Resources */ = {
			isa = PBXResourcesBuildPhase;
			buildActionMask = 2147483647;
			files = (
				2BFCD0881F272EC800289EEF /* LaunchScreen.storyboard in Resources */,
				2BFCD0941F27347C00289EEF /* ugur.png in Resources */,
				2BFCD0851F272EC800289EEF /* Assets.xcassets in Resources */,
				2BFCD0831F272EC800289EEF /* Main.storyboard in Resources */,
			);
			runOnlyForDeploymentPostprocessing = 0;
		};
/* End PBXResourcesBuildPhase section */

/* Begin PBXSourcesBuildPhase section */
		2BFCD0761F272EC800289EEF /* Sources */ = {
			isa = PBXSourcesBuildPhase;
			buildActionMask = 2147483647;
			files = (
				2BFCD0801F272EC800289EEF /* ViewController.swift in Sources */,
				2BFCD07E1F272EC800289EEF /* AppDelegate.swift in Sources */,
			);
			runOnlyForDeploymentPostprocessing = 0;
		};
/* End PBXSourcesBuildPhase section */

/* Begin PBXVariantGroup section */
		2BFCD0811F272EC800289EEF /* Main.storyboard */ = {
			isa = PBXVariantGroup;
			children = (
				2BFCD0821F272EC800289EEF /* Base */,
			);
			name = Main.storyboard;
			sourceTree = "<group>";
		};
		2BFCD0861F272EC800289EEF /* LaunchScreen.storyboard */ = {
			isa = PBXVariantGroup;
			children = (
				2BFCD0871F272EC800289EEF /* Base */,
			);
			name = LaunchScreen.storyboard;
			sourceTree = "<group>";
		};
/* End PBXVariantGroup section */

/* Begin XCBuildConfiguration section */
		2BFCD08A1F272EC800289EEF /* Debug */ = {
			isa = XCBuildConfiguration;
			buildSettings = {
				ALWAYS_SEARCH_USER_PATHS = NO;
				CLANG_ANALYZER_NONNULL = YES;
				CLANG_ANALYZER_NUMBER_OBJECT_CONVERSION = YES_AGGRESSIVE;
				CLANG_CXX_LANGUAGE_STANDARD = "gnu++14";
				CLANG_CXX_LIBRARY = "libc++";
				CLANG_ENABLE_MODULES = YES;
				CLANG_ENABLE_OBJC_ARC = YES;
				CLANG_WARN_BLOCK_CAPTURE_AUTORELEASING = YES;
				CLANG_WARN_BOOL_CONVERSION = YES;
				CLANG_WARN_COMMA = YES;
				CLANG_WARN_CONSTANT_CONVERSION = YES;
				CLANG_WARN_DIRECT_OBJC_ISA_USAGE = YES_ERROR;
				CLANG_WARN_DOCUMENTATION_COMMENTS = YES;
				CLANG_WARN_EMPTY_BODY = YES;
				CLANG_WARN_ENUM_CONVERSION = YES;
				CLANG_WARN_INFINITE_RECURSION = YES;
				CLANG_WARN_INT_CONVERSION = YES;
				CLANG_WARN_NON_LITERAL_NULL_CONVERSION = YES;
				CLANG_WARN_OBJC_LITERAL_CONVERSION = YES;
				CLANG_WARN_OBJC_ROOT_CLASS = YES_ERROR;
				CLANG_WARN_RANGE_LOOP_ANALYSIS = YES;
				CLANG_WARN_STRICT_PROTOTYPES = YES;
				CLANG_WARN_SUSPICIOUS_MOVE = YES;
				CLANG_WARN_UNGUARDED_AVAILABILITY = YES_AGGRESSIVE;
				CLANG_WARN_UNREACHABLE_CODE = YES;
				CLANG_WARN__DUPLICATE_METHOD_MATCH = YES;
				CODE_SIGN_IDENTITY = "iPhone Developer";
				COPY_PHASE_STRIP = NO;
				DEBUG_INFORMATION_FORMAT = dwarf;
				ENABLE_STRICT_OBJC_MSGSEND = YES;
				ENABLE_TESTABILITY = YES;
				GCC_C_LANGUAGE_STANDARD = gnu11;
				GCC_DYNAMIC_NO_PIC = NO;
				GCC_NO_COMMON_BLOCKS = YES;
				GCC_OPTIMIZATION_LEVEL = 0;
				GCC_PREPROCESSOR_DEFINITIONS = (
					"DEBUG=1",
					"$(inherited)",
				);
				GCC_WARN_64_TO_32_BIT_CONVERSION = YES;
				GCC_WARN_ABOUT_RETURN_TYPE = YES_ERROR;
				GCC_WARN_UNDECLARED_SELECTOR = YES;
				GCC_WARN_UNINITIALIZED_AUTOS = YES_AGGRESSIVE;
				GCC_WARN_UNUSED_FUNCTION = YES;
				GCC_WARN_UNUSED_VARIABLE = YES;
				IPHONEOS_DEPLOYMENT_TARGET = 11.0;
				MTL_ENABLE_DEBUG_INFO = YES;
				ONLY_ACTIVE_ARCH = YES;
				SDKROOT = iphoneos;
				SWIFT_ACTIVE_COMPILATION_CONDITIONS = DEBUG;
				SWIFT_OPTIMIZATION_LEVEL = "-Onone";
			};
			name = Debug;
		};
		2BFCD08B1F272EC800289EEF /* Release */ = {
			isa = XCBuildConfiguration;
			buildSettings = {
				ALWAYS_SEARCH_USER_PATHS = NO;
				CLANG_ANALYZER_NONNULL = YES;
				CLANG_ANALYZER_NUMBER_OBJECT_CONVERSION = YES_AGGRESSIVE;
				CLANG_CXX_LANGUAGE_STANDARD = "gnu++14";
				CLANG_CXX_LIBRARY = "libc++";
				CLANG_ENABLE_MODULES = YES;
				CLANG_ENABLE_OBJC_ARC = YES;
				CLANG_WARN_BLOCK_CAPTURE_AUTORELEASING = YES;
				CLANG_WARN_BOOL_CONVERSION = YES;
				CLANG_WARN_COMMA = YES;
				CLANG_WARN_CONSTANT_CONVERSION = YES;
				CLANG_WARN_DIRECT_OBJC_ISA_USAGE = YES_ERROR;
				CLANG_WARN_DOCUMENTATION_COMMENTS = YES;
				CLANG_WARN_EMPTY_BODY = YES;
				CLANG_WARN_ENUM_CONVERSION = YES;
				CLANG_WARN_INFINITE_RECURSION = YES;
				CLANG_WARN_INT_CONVERSION = YES;
				CLANG_WARN_NON_LITERAL_NULL_CONVERSION = YES;
				CLANG_WARN_OBJC_LITERAL_CONVERSION = YES;
				CLANG_WARN_OBJC_ROOT_CLASS = YES_ERROR;
				CLANG_WARN_RANGE_LOOP_ANALYSIS = YES;
				CLANG_WARN_STRICT_PROTOTYPES = YES;
				CLANG_WARN_SUSPICIOUS_MOVE = YES;
				CLANG_WARN_UNGUARDED_AVAILABILITY = YES_AGGRESSIVE;
				CLANG_WARN_UNREACHABLE_CODE = YES;
				CLANG_WARN__DUPLICATE_METHOD_MATCH = YES;
				CODE_SIGN_IDENTITY = "iPhone Developer";
				COPY_PHASE_STRIP = NO;
				DEBUG_INFORMATION_FORMAT = "dwarf-with-dsym";
				ENABLE_NS_ASSERTIONS = NO;
				ENABLE_STRICT_OBJC_MSGSEND = YES;
				GCC_C_LANGUAGE_STANDARD = gnu11;
				GCC_NO_COMMON_BLOCKS = YES;
				GCC_WARN_64_TO_32_BIT_CONVERSION = YES;
				GCC_WARN_ABOUT_RETURN_TYPE = YES_ERROR;
				GCC_WARN_UNDECLARED_SELECTOR = YES;
				GCC_WARN_UNINITIALIZED_AUTOS = YES_AGGRESSIVE;
				GCC_WARN_UNUSED_FUNCTION = YES;
				GCC_WARN_UNUSED_VARIABLE = YES;
				IPHONEOS_DEPLOYMENT_TARGET = 11.0;
				MTL_ENABLE_DEBUG_INFO = NO;
				SDKROOT = iphoneos;
				SWIFT_OPTIMIZATION_LEVEL = "-Owholemodule";
				VALIDATE_PRODUCT = YES;
			};
			name = Release;
		};
		2BFCD08D1F272EC800289EEF /* Debug */ = {
			isa = XCBuildConfiguration;
			buildSettings = {
				ASSETCATALOG_COMPILER_APPICON_NAME = AppIcon;
				DEVELOPMENT_TEAM = U7245GN33M;
				INFOPLIST_FILE = ugurface/Info.plist;
				LD_RUNPATH_SEARCH_PATHS = "$(inherited) @executable_path/Frameworks";
				PRODUCT_BUNDLE_IDENTIFIER = com.urklc.ugurface;
				PRODUCT_NAME = "$(TARGET_NAME)";
				SWIFT_VERSION = 4.0;
				TARGETED_DEVICE_FAMILY = "1,2";
			};
			name = Debug;
		};
		2BFCD08E1F272EC800289EEF /* Release */ = {
			isa = XCBuildConfiguration;
			buildSettings = {
				ASSETCATALOG_COMPILER_APPICON_NAME = AppIcon;
				DEVELOPMENT_TEAM = U7245GN33M;
				INFOPLIST_FILE = ugurface/Info.plist;
				LD_RUNPATH_SEARCH_PATHS = "$(inherited) @executable_path/Frameworks";
				PRODUCT_BUNDLE_IDENTIFIER = com.urklc.ugurface;
				PRODUCT_NAME = "$(TARGET_NAME)";
				SWIFT_VERSION = 4.0;
				TARGETED_DEVICE_FAMILY = "1,2";
			};
			name = Release;
		};
/* End XCBuildConfiguration section */

/* Begin XCConfigurationList section */
		2BFCD0751F272EC800289EEF /* Build configuration list for PBXProject "ugurface" */ = {
			isa = XCConfigurationList;
			buildConfigurations = (
				2BFCD08A1F272EC800289EEF /* Debug */,
				2BFCD08B1F272EC800289EEF /* Release */,
			);
			defaultConfigurationIsVisible = 0;
			defaultConfigurationName = Release;
		};
		2BFCD08C1F272EC800289EEF /* Build configuration list for PBXNativeTarget "ugurface" */ = {
			isa = XCConfigurationList;
			buildConfigurations = (
				2BFCD08D1F272EC800289EEF /* Debug */,
				2BFCD08E1F272EC800289EEF /* Release */,
			);
			defaultConfigurationIsVisible = 0;
		};
/* End XCConfigurationList section */
	};
	rootObject = 2BFCD0721F272EC800289EEF /* Project object */;
}
